{
  "name": "homebridge-pi-sensehat",
  "version": "1.0.0",
  "lockfileVersion": 1,
  "requires": true,
  "dependencies": {
    "hap-nodejs-community-types": {
      "version": "git+https://github.com/homespun/hap-nodejs-community-types.git#ba52759b3bd605582b53794f67d749e4b45d78e2",
      "from": "git+https://github.com/homespun/hap-nodejs-community-types.git"
    }
  }
}
